// !$*UTF8*$!
{
	archiveVersion = 1;
	classes = {
	};
	objectVersion = 54;
	objects = {

/* Begin PBXBuildFile section */
		7E27DA2328060E53007215BB /* AppDelegate.swift in Sources */ = {isa = PBXBuildFile; fileRef = 7E27DA2228060E53007215BB /* AppDelegate.swift */; };
		7E27DA2528060E53007215BB /* SceneDelegate.swift in Sources */ = {isa = PBXBuildFile; fileRef = 7E27DA2428060E53007215BB /* SceneDelegate.swift */; };
		7E27DA2728060E53007215BB /* LoginViewController.swift in Sources */ = {isa = PBXBuildFile; fileRef = 7E27DA2628060E53007215BB /* LoginViewController.swift */; };
		7E27DA2C28060E54007215BB /* Assets.xcassets in Resources */ = {isa = PBXBuildFile; fileRef = 7E27DA2B28060E54007215BB /* Assets.xcassets */; };
		7E27DA2F28060E54007215BB /* LaunchScreen.storyboard in Resources */ = {isa = PBXBuildFile; fileRef = 7E27DA2D28060E54007215BB /* LaunchScreen.storyboard */; };
		7E27DA41280643C7007215BB /* Gilroy-Bold.ttf in Resources */ = {isa = PBXBuildFile; fileRef = 7E27DA3F280643C7007215BB /* Gilroy-Bold.ttf */; };
		7E27DA42280643C7007215BB /* Gilroy-Regular.ttf in Resources */ = {isa = PBXBuildFile; fileRef = 7E27DA40280643C7007215BB /* Gilroy-Regular.ttf */; };
		7E27DA4D280648F2007215BB /* LoginView.swift in Sources */ = {isa = PBXBuildFile; fileRef = 7E27DA4C280648F2007215BB /* LoginView.swift */; };
		7E27DA50280703F8007215BB /* LoadingProtocol.swift in Sources */ = {isa = PBXBuildFile; fileRef = 7E27DA4F280703F8007215BB /* LoadingProtocol.swift */; };
		7E27DA5928070B5B007215BB /* EmpresasModel.swift in Sources */ = {isa = PBXBuildFile; fileRef = 7E27DA5828070B5B007215BB /* EmpresasModel.swift */; };
		7E27DA5B28070B93007215BB /* LoginPresenter.swift in Sources */ = {isa = PBXBuildFile; fileRef = 7E27DA5A28070B93007215BB /* LoginPresenter.swift */; };
		7E27DA5D28070B9F007215BB /* EmpresasPresenter.swift in Sources */ = {isa = PBXBuildFile; fileRef = 7E27DA5C28070B9F007215BB /* EmpresasPresenter.swift */; };
		7E27DA5F28070BD0007215BB /* HomeViewController.swift in Sources */ = {isa = PBXBuildFile; fileRef = 7E27DA5E28070BD0007215BB /* HomeViewController.swift */; };
		7E27DA6328070BF4007215BB /* DetailsViewController.swift in Sources */ = {isa = PBXBuildFile; fileRef = 7E27DA6228070BF4007215BB /* DetailsViewController.swift */; };
		7E27DA6528070C20007215BB /* HomeCollectionViewController.swift in Sources */ = {isa = PBXBuildFile; fileRef = 7E27DA6428070C20007215BB /* HomeCollectionViewController.swift */; };
		7E27DA6728070C32007215BB /* HomeCollectionViewCell.swift in Sources */ = {isa = PBXBuildFile; fileRef = 7E27DA6628070C32007215BB /* HomeCollectionViewCell.swift */; };
		7E27DA6928070C58007215BB /* HomeView.swift in Sources */ = {isa = PBXBuildFile; fileRef = 7E27DA6828070C58007215BB /* HomeView.swift */; };
		7E27DA6F2808D84C007215BB /* Heebo-Regular.ttf in Resources */ = {isa = PBXBuildFile; fileRef = 7E27DA6E2808D84C007215BB /* Heebo-Regular.ttf */; };
		7E27DA712808D893007215BB /* Roboto-Medium.ttf in Resources */ = {isa = PBXBuildFile; fileRef = 7E27DA702808D893007215BB /* Roboto-Medium.ttf */; };
		7E27DA732808D8B4007215BB /* Heebo-Medium.ttf in Resources */ = {isa = PBXBuildFile; fileRef = 7E27DA722808D8B4007215BB /* Heebo-Medium.ttf */; };
		7E27DA752808FA8C007215BB /* Gilroy-SemiBold.ttf in Resources */ = {isa = PBXBuildFile; fileRef = 7E27DA742808FA8C007215BB /* Gilroy-SemiBold.ttf */; };
		7EEE419E280CCCA900748F05 /* DetailsEmpresaView.swift in Sources */ = {isa = PBXBuildFile; fileRef = 7EEE419D280CCCA900748F05 /* DetailsEmpresaView.swift */; };
		DC80CA36059B70B870551C0C /* Pods_DesafioEmpresas.framework in Frameworks */ = {isa = PBXBuildFile; fileRef = 7A8AF5A99819EB4699FA8B45 /* Pods_DesafioEmpresas.framework */; };
/* End PBXBuildFile section */

/* Begin PBXFileReference section */
		1C5DDFF2C2A30E637A9F568C /* Pods-DesafioEmpresas.release.xcconfig */ = {isa = PBXFileReference; includeInIndex = 1; lastKnownFileType = text.xcconfig; name = "Pods-DesafioEmpresas.release.xcconfig"; path = "Target Support Files/Pods-DesafioEmpresas/Pods-DesafioEmpresas.release.xcconfig"; sourceTree = "<group>"; };
		7A8AF5A99819EB4699FA8B45 /* Pods_DesafioEmpresas.framework */ = {isa = PBXFileReference; explicitFileType = wrapper.framework; includeInIndex = 0; path = Pods_DesafioEmpresas.framework; sourceTree = BUILT_PRODUCTS_DIR; };
		7E27DA1F28060E53007215BB /* DesafioEmpresas.app */ = {isa = PBXFileReference; explicitFileType = wrapper.application; includeInIndex = 0; path = DesafioEmpresas.app; sourceTree = BUILT_PRODUCTS_DIR; };
		7E27DA2228060E53007215BB /* AppDelegate.swift */ = {isa = PBXFileReference; lastKnownFileType = sourcecode.swift; path = AppDelegate.swift; sourceTree = "<group>"; };
		7E27DA2428060E53007215BB /* SceneDelegate.swift */ = {isa = PBXFileReference; lastKnownFileType = sourcecode.swift; path = SceneDelegate.swift; sourceTree = "<group>"; };
		7E27DA2628060E53007215BB /* LoginViewController.swift */ = {isa = PBXFileReference; lastKnownFileType = sourcecode.swift; path = LoginViewController.swift; sourceTree = "<group>"; };
		7E27DA2B28060E54007215BB /* Assets.xcassets */ = {isa = PBXFileReference; lastKnownFileType = folder.assetcatalog; path = Assets.xcassets; sourceTree = "<group>"; };
		7E27DA2E28060E54007215BB /* Base */ = {isa = PBXFileReference; lastKnownFileType = file.storyboard; name = Base; path = Base.lproj/LaunchScreen.storyboard; sourceTree = "<group>"; };
		7E27DA3028060E54007215BB /* Info.plist */ = {isa = PBXFileReference; lastKnownFileType = text.plist.xml; path = Info.plist; sourceTree = "<group>"; };
		7E27DA3F280643C7007215BB /* Gilroy-Bold.ttf */ = {isa = PBXFileReference; lastKnownFileType = file; path = "Gilroy-Bold.ttf"; sourceTree = "<group>"; };
		7E27DA40280643C7007215BB /* Gilroy-Regular.ttf */ = {isa = PBXFileReference; lastKnownFileType = file; path = "Gilroy-Regular.ttf"; sourceTree = "<group>"; };
		7E27DA4C280648F2007215BB /* LoginView.swift */ = {isa = PBXFileReference; lastKnownFileType = sourcecode.swift; path = LoginView.swift; sourceTree = "<group>"; };
		7E27DA4F280703F8007215BB /* LoadingProtocol.swift */ = {isa = PBXFileReference; lastKnownFileType = sourcecode.swift; path = LoadingProtocol.swift; sourceTree = "<group>"; };
		7E27DA5828070B5B007215BB /* EmpresasModel.swift */ = {isa = PBXFileReference; lastKnownFileType = sourcecode.swift; path = EmpresasModel.swift; sourceTree = "<group>"; };
		7E27DA5A28070B93007215BB /* LoginPresenter.swift */ = {isa = PBXFileReference; lastKnownFileType = sourcecode.swift; path = LoginPresenter.swift; sourceTree = "<group>"; };
		7E27DA5C28070B9F007215BB /* EmpresasPresenter.swift */ = {isa = PBXFileReference; lastKnownFileType = sourcecode.swift; path = EmpresasPresenter.swift; sourceTree = "<group>"; };
		7E27DA5E28070BD0007215BB /* HomeViewController.swift */ = {isa = PBXFileReference; lastKnownFileType = sourcecode.swift; path = HomeViewController.swift; sourceTree = "<group>"; };
		7E27DA6228070BF4007215BB /* DetailsViewController.swift */ = {isa = PBXFileReference; lastKnownFileType = sourcecode.swift; path = DetailsViewController.swift; sourceTree = "<group>"; };
		7E27DA6428070C20007215BB /* HomeCollectionViewController.swift */ = {isa = PBXFileReference; lastKnownFileType = sourcecode.swift; path = HomeCollectionViewController.swift; sourceTree = "<group>"; };
		7E27DA6628070C32007215BB /* HomeCollectionViewCell.swift */ = {isa = PBXFileReference; lastKnownFileType = sourcecode.swift; path = HomeCollectionViewCell.swift; sourceTree = "<group>"; };
		7E27DA6828070C58007215BB /* HomeView.swift */ = {isa = PBXFileReference; lastKnownFileType = sourcecode.swift; path = HomeView.swift; sourceTree = "<group>"; };
		7E27DA6E2808D84C007215BB /* Heebo-Regular.ttf */ = {isa = PBXFileReference; lastKnownFileType = file; path = "Heebo-Regular.ttf"; sourceTree = "<group>"; };
		7E27DA702808D893007215BB /* Roboto-Medium.ttf */ = {isa = PBXFileReference; lastKnownFileType = file; path = "Roboto-Medium.ttf"; sourceTree = "<group>"; };
		7E27DA722808D8B4007215BB /* Heebo-Medium.ttf */ = {isa = PBXFileReference; lastKnownFileType = file; path = "Heebo-Medium.ttf"; sourceTree = "<group>"; };
		7E27DA742808FA8C007215BB /* Gilroy-SemiBold.ttf */ = {isa = PBXFileReference; lastKnownFileType = file; path = "Gilroy-SemiBold.ttf"; sourceTree = "<group>"; };
		7EEE419D280CCCA900748F05 /* DetailsEmpresaView.swift */ = {isa = PBXFileReference; lastKnownFileType = sourcecode.swift; path = DetailsEmpresaView.swift; sourceTree = "<group>"; };
		A64B0F76561A41E37A8B31BE /* Pods-DesafioEmpresas.debug.xcconfig */ = {isa = PBXFileReference; includeInIndex = 1; lastKnownFileType = text.xcconfig; name = "Pods-DesafioEmpresas.debug.xcconfig"; path = "Target Support Files/Pods-DesafioEmpresas/Pods-DesafioEmpresas.debug.xcconfig"; sourceTree = "<group>"; };
/* End PBXFileReference section */

/* Begin PBXFrameworksBuildPhase section */
		7E27DA1C28060E53007215BB /* Frameworks */ = {
			isa = PBXFrameworksBuildPhase;
			buildActionMask = 2147483647;
			files = (
				DC80CA36059B70B870551C0C /* Pods_DesafioEmpresas.framework in Frameworks */,
			);
			runOnlyForDeploymentPostprocessing = 0;
		};
/* End PBXFrameworksBuildPhase section */

/* Begin PBXGroup section */
		0446CFDF1C44565FC5C5C03D /* Frameworks */ = {
			isa = PBXGroup;
			children = (
				7A8AF5A99819EB4699FA8B45 /* Pods_DesafioEmpresas.framework */,
			);
			name = Frameworks;
			sourceTree = "<group>";
		};
		7E27DA1628060E53007215BB = {
			isa = PBXGroup;
			children = (
				7E27DA2128060E53007215BB /* DesafioEmpresas */,
				7E27DA2028060E53007215BB /* Products */,
				85974C5F128AD3FD7226BDB3 /* Pods */,
				0446CFDF1C44565FC5C5C03D /* Frameworks */,
			);
			sourceTree = "<group>";
		};
		7E27DA2028060E53007215BB /* Products */ = {
			isa = PBXGroup;
			children = (
				7E27DA1F28060E53007215BB /* DesafioEmpresas.app */,
			);
			name = Products;
			sourceTree = "<group>";
		};
		7E27DA2128060E53007215BB /* DesafioEmpresas */ = {
			isa = PBXGroup;
			children = (
				7E27DA4E2807030A007215BB /* Protocols */,
				7E27DA392806104A007215BB /* Model */,
				7E27DA382806103E007215BB /* View */,
				7E27DA3728061035007215BB /* Presenter */,
				7E27DA3A2806429C007215BB /* Fonts */,
				7E27DA3628061022007215BB /* Delegates */,
				7E27DA2B28060E54007215BB /* Assets.xcassets */,
				7E27DA3028060E54007215BB /* Info.plist */,
			);
			path = DesafioEmpresas;
			sourceTree = "<group>";
		};
		7E27DA3628061022007215BB /* Delegates */ = {
			isa = PBXGroup;
			children = (
				7E27DA2228060E53007215BB /* AppDelegate.swift */,
				7E27DA2428060E53007215BB /* SceneDelegate.swift */,
			);
			path = Delegates;
			sourceTree = "<group>";
		};
		7E27DA3728061035007215BB /* Presenter */ = {
			isa = PBXGroup;
			children = (
				7E27DA5A28070B93007215BB /* LoginPresenter.swift */,
				7E27DA5C28070B9F007215BB /* EmpresasPresenter.swift */,
			);
			path = Presenter;
			sourceTree = "<group>";
		};
		7E27DA382806103E007215BB /* View */ = {
			isa = PBXGroup;
			children = (
				7E27DA2D28060E54007215BB /* LaunchScreen.storyboard */,
				7E27DA4828064843007215BB /* LoginView */,
				7E27DA492806484B007215BB /* HomeView */,
				7E27DA4B280648BD007215BB /* DetailsView */,
			);
			path = View;
			sourceTree = "<group>";
		};
		7E27DA392806104A007215BB /* Model */ = {
			isa = PBXGroup;
			children = (
				7E27DA5828070B5B007215BB /* EmpresasModel.swift */,
			);
			path = Model;
			sourceTree = "<group>";
		};
		7E27DA3A2806429C007215BB /* Fonts */ = {
			isa = PBXGroup;
			children = (
				7E27DA3F280643C7007215BB /* Gilroy-Bold.ttf */,
				7E27DA40280643C7007215BB /* Gilroy-Regular.ttf */,
				7E27DA742808FA8C007215BB /* Gilroy-SemiBold.ttf */,
				7E27DA722808D8B4007215BB /* Heebo-Medium.ttf */,
				7E27DA6E2808D84C007215BB /* Heebo-Regular.ttf */,
				7E27DA702808D893007215BB /* Roboto-Medium.ttf */,
			);
			path = Fonts;
			sourceTree = "<group>";
		};
		7E27DA4828064843007215BB /* LoginView */ = {
			isa = PBXGroup;
			children = (
				7E27DA2628060E53007215BB /* LoginViewController.swift */,
				7E27DA4C280648F2007215BB /* LoginView.swift */,
			);
			path = LoginView;
			sourceTree = "<group>";
		};
		7E27DA492806484B007215BB /* HomeView */ = {
			isa = PBXGroup;
			children = (
				7E27DA5E28070BD0007215BB /* HomeViewController.swift */,
				7E27DA6828070C58007215BB /* HomeView.swift */,
				7E27DA6428070C20007215BB /* HomeCollectionViewController.swift */,
				7E27DA6628070C32007215BB /* HomeCollectionViewCell.swift */,
			);
			path = HomeView;
			sourceTree = "<group>";
		};
		7E27DA4B280648BD007215BB /* DetailsView */ = {
			isa = PBXGroup;
			children = (
				7E27DA6228070BF4007215BB /* DetailsViewController.swift */,
				7EEE419D280CCCA900748F05 /* DetailsEmpresaView.swift */,
			);
			path = DetailsView;
			sourceTree = "<group>";
		};
		7E27DA4E2807030A007215BB /* Protocols */ = {
			isa = PBXGroup;
			children = (
				7E27DA4F280703F8007215BB /* LoadingProtocol.swift */,
			);
			path = Protocols;
			sourceTree = "<group>";
		};
		85974C5F128AD3FD7226BDB3 /* Pods */ = {
			isa = PBXGroup;
			children = (
				A64B0F76561A41E37A8B31BE /* Pods-DesafioEmpresas.debug.xcconfig */,
				1C5DDFF2C2A30E637A9F568C /* Pods-DesafioEmpresas.release.xcconfig */,
			);
			path = Pods;
			sourceTree = "<group>";
		};
/* End PBXGroup section */

/* Begin PBXNativeTarget section */
		7E27DA1E28060E53007215BB /* DesafioEmpresas */ = {
			isa = PBXNativeTarget;
			buildConfigurationList = 7E27DA3328060E54007215BB /* Build configuration list for PBXNativeTarget "DesafioEmpresas" */;
			buildPhases = (
				F422AE977B289980E26AAE39 /* [CP] Check Pods Manifest.lock */,
				7E27DA1B28060E53007215BB /* Sources */,
				7E27DA1C28060E53007215BB /* Frameworks */,
				7E27DA1D28060E53007215BB /* Resources */,
			);
			buildRules = (
			);
			dependencies = (
			);
			name = DesafioEmpresas;
			productName = DesafioEmpresas;
			productReference = 7E27DA1F28060E53007215BB /* DesafioEmpresas.app */;
			productType = "com.apple.product-type.application";
		};
/* End PBXNativeTarget section */

/* Begin PBXProject section */
		7E27DA1728060E53007215BB /* Project object */ = {
			isa = PBXProject;
			attributes = {
				BuildIndependentTargetsInParallel = 1;
				LastSwiftUpdateCheck = 1310;
				LastUpgradeCheck = 1310;
				TargetAttributes = {
					7E27DA1E28060E53007215BB = {
						CreatedOnToolsVersion = 13.1;
					};
				};
			};
			buildConfigurationList = 7E27DA1A28060E53007215BB /* Build configuration list for PBXProject "DesafioEmpresas" */;
			compatibilityVersion = "Xcode 12.0";
			developmentRegion = en;
			hasScannedForEncodings = 0;
			knownRegions = (
				en,
				Base,
			);
			mainGroup = 7E27DA1628060E53007215BB;
			productRefGroup = 7E27DA2028060E53007215BB /* Products */;
			projectDirPath = "";
			projectRoot = "";
			targets = (
				7E27DA1E28060E53007215BB /* DesafioEmpresas */,
			);
		};
/* End PBXProject section */

/* Begin PBXResourcesBuildPhase section */
		7E27DA1D28060E53007215BB /* Resources */ = {
			isa = PBXResourcesBuildPhase;
			buildActionMask = 2147483647;
			files = (
				7E27DA732808D8B4007215BB /* Heebo-Medium.ttf in Resources */,
				7E27DA752808FA8C007215BB /* Gilroy-SemiBold.ttf in Resources */,
				7E27DA6F2808D84C007215BB /* Heebo-Regular.ttf in Resources */,
				7E27DA2F28060E54007215BB /* LaunchScreen.storyboard in Resources */,
				7E27DA712808D893007215BB /* Roboto-Medium.ttf in Resources */,
				7E27DA42280643C7007215BB /* Gilroy-Regular.ttf in Resources */,
				7E27DA2C28060E54007215BB /* Assets.xcassets in Resources */,
				7E27DA41280643C7007215BB /* Gilroy-Bold.ttf in Resources */,
			);
			runOnlyForDeploymentPostprocessing = 0;
		};
/* End PBXResourcesBuildPhase section */

/* Begin PBXShellScriptBuildPhase section */
		F422AE977B289980E26AAE39 /* [CP] Check Pods Manifest.lock */ = {
			isa = PBXShellScriptBuildPhase;
			buildActionMask = 2147483647;
			files = (
			);
			inputFileListPaths = (
			);
			inputPaths = (
				"${PODS_PODFILE_DIR_PATH}/Podfile.lock",
				"${PODS_ROOT}/Manifest.lock",
			);
			name = "[CP] Check Pods Manifest.lock";
			outputFileListPaths = (
			);
			outputPaths = (
				"$(DERIVED_FILE_DIR)/Pods-DesafioEmpresas-checkManifestLockResult.txt",
			);
			runOnlyForDeploymentPostprocessing = 0;
			shellPath = /bin/sh;
			shellScript = "diff \"${PODS_PODFILE_DIR_PATH}/Podfile.lock\" \"${PODS_ROOT}/Manifest.lock\" > /dev/null\nif [ $? != 0 ] ; then\n    # print error to STDERR\n    echo \"error: The sandbox is not in sync with the Podfile.lock. Run 'pod install' or update your CocoaPods installation.\" >&2\n    exit 1\nfi\n# This output is used by Xcode 'outputs' to avoid re-running this script phase.\necho \"SUCCESS\" > \"${SCRIPT_OUTPUT_FILE_0}\"\n";
			showEnvVarsInLog = 0;
		};
/* End PBXShellScriptBuildPhase section */

/* Begin PBXSourcesBuildPhase section */
		7E27DA1B28060E53007215BB /* Sources */ = {
			isa = PBXSourcesBuildPhase;
			buildActionMask = 2147483647;
			files = (
				7E27DA2728060E53007215BB /* LoginViewController.swift in Sources */,
				7E27DA2328060E53007215BB /* AppDelegate.swift in Sources */,
				7E27DA2528060E53007215BB /* SceneDelegate.swift in Sources */,
				7E27DA6528070C20007215BB /* HomeCollectionViewController.swift in Sources */,
				7E27DA5D28070B9F007215BB /* EmpresasPresenter.swift in Sources */,
				7E27DA6928070C58007215BB /* HomeView.swift in Sources */,
				7EEE419E280CCCA900748F05 /* DetailsEmpresaView.swift in Sources */,
				7E27DA5B28070B93007215BB /* LoginPresenter.swift in Sources */,
				7E27DA6728070C32007215BB /* HomeCollectionViewCell.swift in Sources */,
				7E27DA4D280648F2007215BB /* LoginView.swift in Sources */,
				7E27DA50280703F8007215BB /* LoadingProtocol.swift in Sources */,
				7E27DA6328070BF4007215BB /* DetailsViewController.swift in Sources */,
				7E27DA5928070B5B007215BB /* EmpresasModel.swift in Sources */,
				7E27DA5F28070BD0007215BB /* HomeViewController.swift in Sources */,
			);
			runOnlyForDeploymentPostprocessing = 0;
		};
/* End PBXSourcesBuildPhase section */

/* Begin PBXVariantGroup section */
		7E27DA2D28060E54007215BB /* LaunchScreen.storyboard */ = {
			isa = PBXVariantGroup;
			children = (
				7E27DA2E28060E54007215BB /* Base */,
			);
			name = LaunchScreen.storyboard;
			sourceTree = "<group>";
		};
/* End PBXVariantGroup section */

/* Begin XCBuildConfiguration section */
		7E27DA3128060E54007215BB /* Debug */ = {
			isa = XCBuildConfiguration;
			buildSettings = {
				ALWAYS_SEARCH_USER_PATHS = NO;
				CLANG_ANALYZER_NONNULL = YES;
				CLANG_ANALYZER_NUMBER_OBJECT_CONVERSION = YES_AGGRESSIVE;
				CLANG_CXX_LANGUAGE_STANDARD = "gnu++17";
				CLANG_CXX_LIBRARY = "libc++";
				CLANG_ENABLE_MODULES = YES;
				CLANG_ENABLE_OBJC_ARC = YES;
				CLANG_ENABLE_OBJC_WEAK = YES;
				CLANG_WARN_BLOCK_CAPTURE_AUTORELEASING = YES;
				CLANG_WARN_BOOL_CONVERSION = YES;
				CLANG_WARN_COMMA = YES;
				CLANG_WARN_CONSTANT_CONVERSION = YES;
				CLANG_WARN_DEPRECATED_OBJC_IMPLEMENTATIONS = YES;
				CLANG_WARN_DIRECT_OBJC_ISA_USAGE = YES_ERROR;
				CLANG_WARN_DOCUMENTATION_COMMENTS = YES;
				CLANG_WARN_EMPTY_BODY = YES;
				CLANG_WARN_ENUM_CONVERSION = YES;
				CLANG_WARN_INFINITE_RECURSION = YES;
				CLANG_WARN_INT_CONVERSION = YES;
				CLANG_WARN_NON_LITERAL_NULL_CONVERSION = YES;
				CLANG_WARN_OBJC_IMPLICIT_RETAIN_SELF = YES;
				CLANG_WARN_OBJC_LITERAL_CONVERSION = YES;
				CLANG_WARN_OBJC_ROOT_CLASS = YES_ERROR;
				CLANG_WARN_QUOTED_INCLUDE_IN_FRAMEWORK_HEADER = YES;
				CLANG_WARN_RANGE_LOOP_ANALYSIS = YES;
				CLANG_WARN_STRICT_PROTOTYPES = YES;
				CLANG_WARN_SUSPICIOUS_MOVE = YES;
				CLANG_WARN_UNGUARDED_AVAILABILITY = YES_AGGRESSIVE;
				CLANG_WARN_UNREACHABLE_CODE = YES;
				CLANG_WARN__DUPLICATE_METHOD_MATCH = YES;
				COPY_PHASE_STRIP = NO;
				DEBUG_INFORMATION_FORMAT = dwarf;
				ENABLE_STRICT_OBJC_MSGSEND = YES;
				ENABLE_TESTABILITY = YES;
				GCC_C_LANGUAGE_STANDARD = gnu11;
				GCC_DYNAMIC_NO_PIC = NO;
				GCC_NO_COMMON_BLOCKS = YES;
				GCC_OPTIMIZATION_LEVEL = 0;
				GCC_PREPROCESSOR_DEFINITIONS = (
					"DEBUG=1",
					"$(inherited)",
				);
				GCC_WARN_64_TO_32_BIT_CONVERSION = YES;
				GCC_WARN_ABOUT_RETURN_TYPE = YES_ERROR;
				GCC_WARN_UNDECLARED_SELECTOR = YES;
				GCC_WARN_UNINITIALIZED_AUTOS = YES_AGGRESSIVE;
				GCC_WARN_UNUSED_FUNCTION = YES;
				GCC_WARN_UNUSED_VARIABLE = YES;
				IPHONEOS_DEPLOYMENT_TARGET = 15.0;
				MTL_ENABLE_DEBUG_INFO = INCLUDE_SOURCE;
				MTL_FAST_MATH = YES;
				ONLY_ACTIVE_ARCH = YES;
				SDKROOT = iphoneos;
				SWIFT_ACTIVE_COMPILATION_CONDITIONS = DEBUG;
				SWIFT_OPTIMIZATION_LEVEL = "-Onone";
			};
			name = Debug;
		};
		7E27DA3228060E54007215BB /* Release */ = {
			isa = XCBuildConfiguration;
			buildSettings = {
				ALWAYS_SEARCH_USER_PATHS = NO;
				CLANG_ANALYZER_NONNULL = YES;
				CLANG_ANALYZER_NUMBER_OBJECT_CONVERSION = YES_AGGRESSIVE;
				CLANG_CXX_LANGUAGE_STANDARD = "gnu++17";
				CLANG_CXX_LIBRARY = "libc++";
				CLANG_ENABLE_MODULES = YES;
				CLANG_ENABLE_OBJC_ARC = YES;
				CLANG_ENABLE_OBJC_WEAK = YES;
				CLANG_WARN_BLOCK_CAPTURE_AUTORELEASING = YES;
				CLANG_WARN_BOOL_CONVERSION = YES;
				CLANG_WARN_COMMA = YES;
				CLANG_WARN_CONSTANT_CONVERSION = YES;
				CLANG_WARN_DEPRECATED_OBJC_IMPLEMENTATIONS = YES;
				CLANG_WARN_DIRECT_OBJC_ISA_USAGE = YES_ERROR;
				CLANG_WARN_DOCUMENTATION_COMMENTS = YES;
				CLANG_WARN_EMPTY_BODY = YES;
				CLANG_WARN_ENUM_CONVERSION = YES;
				CLANG_WARN_INFINITE_RECURSION = YES;
				CLANG_WARN_INT_CONVERSION = YES;
				CLANG_WARN_NON_LITERAL_NULL_CONVERSION = YES;
				CLANG_WARN_OBJC_IMPLICIT_RETAIN_SELF = YES;
				CLANG_WARN_OBJC_LITERAL_CONVERSION = YES;
				CLANG_WARN_OBJC_ROOT_CLASS = YES_ERROR;
				CLANG_WARN_QUOTED_INCLUDE_IN_FRAMEWORK_HEADER = YES;
				CLANG_WARN_RANGE_LOOP_ANALYSIS = YES;
				CLANG_WARN_STRICT_PROTOTYPES = YES;
				CLANG_WARN_SUSPICIOUS_MOVE = YES;
				CLANG_WARN_UNGUARDED_AVAILABILITY = YES_AGGRESSIVE;
				CLANG_WARN_UNREACHABLE_CODE = YES;
				CLANG_WARN__DUPLICATE_METHOD_MATCH = YES;
				COPY_PHASE_STRIP = NO;
				DEBUG_INFORMATION_FORMAT = "dwarf-with-dsym";
				ENABLE_NS_ASSERTIONS = NO;
				ENABLE_STRICT_OBJC_MSGSEND = YES;
				GCC_C_LANGUAGE_STANDARD = gnu11;
				GCC_NO_COMMON_BLOCKS = YES;
				GCC_WARN_64_TO_32_BIT_CONVERSION = YES;
				GCC_WARN_ABOUT_RETURN_TYPE = YES_ERROR;
				GCC_WARN_UNDECLARED_SELECTOR = YES;
				GCC_WARN_UNINITIALIZED_AUTOS = YES_AGGRESSIVE;
				GCC_WARN_UNUSED_FUNCTION = YES;
				GCC_WARN_UNUSED_VARIABLE = YES;
				IPHONEOS_DEPLOYMENT_TARGET = 15.0;
				MTL_ENABLE_DEBUG_INFO = NO;
				MTL_FAST_MATH = YES;
				SDKROOT = iphoneos;
				SWIFT_COMPILATION_MODE = wholemodule;
				SWIFT_OPTIMIZATION_LEVEL = "-O";
				VALIDATE_PRODUCT = YES;
			};
			name = Release;
		};
		7E27DA3428060E54007215BB /* Debug */ = {
			isa = XCBuildConfiguration;
			baseConfigurationReference = A64B0F76561A41E37A8B31BE /* Pods-DesafioEmpresas.debug.xcconfig */;
			buildSettings = {
				ASSETCATALOG_COMPILER_APPICON_NAME = AppIcon;
				ASSETCATALOG_COMPILER_GLOBAL_ACCENT_COLOR_NAME = AccentColor;
				ASSETCATALOG_COMPILER_INCLUDE_ALL_APPICON_ASSETS = YES;
				CODE_SIGN_STYLE = Automatic;
				CURRENT_PROJECT_VERSION = 1;
				DEVELOPMENT_TEAM = 6BRAUQJ3C5;
				GENERATE_INFOPLIST_FILE = YES;
				INFOPLIST_FILE = DesafioEmpresas/Info.plist;
				INFOPLIST_KEY_UIApplicationSupportsIndirectInputEvents = YES;
				INFOPLIST_KEY_UILaunchStoryboardName = LaunchScreen;
				INFOPLIST_KEY_UIRequiresFullScreen = NO;
				INFOPLIST_KEY_UIStatusBarHidden = NO;
				INFOPLIST_KEY_UISupportedInterfaceOrientations_iPad = "UIInterfaceOrientationPortrait UIInterfaceOrientationPortraitUpsideDown UIInterfaceOrientationLandscapeLeft UIInterfaceOrientationLandscapeRight";
				INFOPLIST_KEY_UISupportedInterfaceOrientations_iPhone = "UIInterfaceOrientationPortrait UIInterfaceOrientationLandscapeLeft UIInterfaceOrientationLandscapeRight";
				LD_RUNPATH_SEARCH_PATHS = (
					"$(inherited)",
					"@executable_path/Frameworks",
				);
				MARKETING_VERSION = 1.0;
				PRODUCT_BUNDLE_IDENTIFIER = MyFirstAppApple.DesafioEmpresas;
				PRODUCT_NAME = "$(TARGET_NAME)";
				SWIFT_EMIT_LOC_STRINGS = YES;
				SWIFT_VERSION = 5.0;
				TARGETED_DEVICE_FAMILY = "1,2";
			};
			name = Debug;
		};
		7E27DA3528060E54007215BB /* Release */ = {
			isa = XCBuildConfiguration;
			baseConfigurationReference = 1C5DDFF2C2A30E637A9F568C /* Pods-DesafioEmpresas.release.xcconfig */;
			buildSettings = {
				ASSETCATALOG_COMPILER_APPICON_NAME = AppIcon;
				ASSETCATALOG_COMPILER_GLOBAL_ACCENT_COLOR_NAME = AccentColor;
				ASSETCATALOG_COMPILER_INCLUDE_ALL_APPICON_ASSETS = YES;
				CODE_SIGN_STYLE = Automatic;
				CURRENT_PROJECT_VERSION = 1;
				DEVELOPMENT_TEAM = 6BRAUQJ3C5;
				GENERATE_INFOPLIST_FILE = YES;
				INFOPLIST_FILE = DesafioEmpresas/Info.plist;
				INFOPLIST_KEY_UIApplicationSupportsIndirectInputEvents = YES;
				INFOPLIST_KEY_UILaunchStoryboardName = LaunchScreen;
				INFOPLIST_KEY_UIRequiresFullScreen = NO;
				INFOPLIST_KEY_UIStatusBarHidden = NO;
				INFOPLIST_KEY_UISupportedInterfaceOrientations_iPad = "UIInterfaceOrientationPortrait UIInterfaceOrientationPortraitUpsideDown UIInterfaceOrientationLandscapeLeft UIInterfaceOrientationLandscapeRight";
				INFOPLIST_KEY_UISupportedInterfaceOrientations_iPhone = "UIInterfaceOrientationPortrait UIInterfaceOrientationLandscapeLeft UIInterfaceOrientationLandscapeRight";
				LD_RUNPATH_SEARCH_PATHS = (
					"$(inherited)",
					"@executable_path/Frameworks",
				);
				MARKETING_VERSION = 1.0;
				PRODUCT_BUNDLE_IDENTIFIER = MyFirstAppApple.DesafioEmpresas;
				PRODUCT_NAME = "$(TARGET_NAME)";
				SWIFT_EMIT_LOC_STRINGS = YES;
				SWIFT_VERSION = 5.0;
				TARGETED_DEVICE_FAMILY = "1,2";
			};
			name = Release;
		};
/* End XCBuildConfiguration section */

/* Begin XCConfigurationList section */
		7E27DA1A28060E53007215BB /* Build configuration list for PBXProject "DesafioEmpresas" */ = {
			isa = XCConfigurationList;
			buildConfigurations = (
				7E27DA3128060E54007215BB /* Debug */,
				7E27DA3228060E54007215BB /* Release */,
			);
			defaultConfigurationIsVisible = 0;
			defaultConfigurationName = Release;
		};
		7E27DA3328060E54007215BB /* Build configuration list for PBXNativeTarget "DesafioEmpresas" */ = {
			isa = XCConfigurationList;
			buildConfigurations = (
				7E27DA3428060E54007215BB /* Debug */,
				7E27DA3528060E54007215BB /* Release */,
			);
			defaultConfigurationIsVisible = 0;
			defaultConfigurationName = Release;
		};
/* End XCConfigurationList section */
	};
	rootObject = 7E27DA1728060E53007215BB /* Project object */;
}
